
Microsoft Visual Studio Solution File, Format Version 12.00
# Visual Studio Version 16
VisualStudioVersion = 16.0.32106.194
MinimumVisualStudioVersion = 10.0.40219.1
Project("{FAE04EC0-301F-11D3-BF4B-00C04F79EFBC}") = "TradingDayDal", "TradingDayDal\TradingDayDal.csproj", "{D1F10607-7C16-4341-9AFF-AFD7D472EF9B}"
EndProject
Project("{FAE04EC0-301F-11D3-BF4B-00C04F79EFBC}") = "TradingDayDalTests", "TradingDayDalTests\TradingDayDalTests.csproj", "{1B081E00-F8B3-4820-BEE6-60C515E6B9F8}"
EndProject
Global
	GlobalSection(SolutionConfigurationPlatforms) = preSolution
		Debug|Any CPU = Debug|Any CPU
		Release|Any CPU = Release|Any CPU
	EndGlobalSection
	GlobalSection(ProjectConfigurationPlatforms) = postSolution
		{D1F10607-7C16-4341-9AFF-AFD7D472EF9B}.Debug|Any CPU.ActiveCfg = Debug|Any CPU
		{D1F10607-7C16-4341-9AFF-AFD7D472EF9B}.Debug|Any CPU.Build.0 = Debug|Any CPU
		{D1F10607-7C16-4341-9AFF-AFD7D472EF9B}.Release|Any CPU.ActiveCfg = Release|Any CPU
		{D1F10607-7C16-4341-9AFF-AFD7D472EF9B}.Release|Any CPU.Build.0 = Release|Any CPU
		{1B081E00-F8B3-4820-BEE6-60C515E6B9F8}.Debug|Any CPU.ActiveCfg = Debug|Any CPU
		{1B081E00-F8B3-4820-BEE6-60C515E6B9F8}.Debug|Any CPU.Build.0 = Debug|Any CPU
		{1B081E00-F8B3-4820-BEE6-60C515E6B9F8}.Release|Any CPU.ActiveCfg = Release|Any CPU
		{1B081E00-F8B3-4820-BEE6-60C515E6B9F8}.Release|Any CPU.Build.0 = Release|Any CPU
	EndGlobalSection
	GlobalSection(SolutionProperties) = preSolution
		HideSolutionNode = FALSE
	EndGlobalSection
	GlobalSection(ExtensibilityGlobals) = postSolution
		SolutionGuid = {0237D830-846B-4512-B791-AACDE2C1A2BF}
	EndGlobalSection
EndGlobal
