
Microsoft Visual Studio Solution File, Format Version 12.00
# Visual Studio Version 16
VisualStudioVersion = 16.0.32106.194
MinimumVisualStudioVersion = 10.0.40219.1
Project("{FAE04EC0-301F-11D3-BF4B-00C04F79EFBC}") = "DisposeConsole", "DisposeConsole\DisposeConsole.csproj", "{4E862496-9AA8-4E99-81A8-B8A9FDD840D6}"
EndProject
Project("{FAE04EC0-301F-11D3-BF4B-00C04F79EFBC}") = "WinFormsDemo", "WinFormsDemo\WinFormsDemo.csproj", "{789FFE44-00F4-41D5-ADCB-571A6105CF99}"
EndProject
Global
	GlobalSection(SolutionConfigurationPlatforms) = preSolution
		Debug|Any CPU = Debug|Any CPU
		Release|Any CPU = Release|Any CPU
	EndGlobalSection
	GlobalSection(ProjectConfigurationPlatforms) = postSolution
		{4E862496-9AA8-4E99-81A8-B8A9FDD840D6}.Debug|Any CPU.ActiveCfg = Debug|Any CPU
		{4E862496-9AA8-4E99-81A8-B8A9FDD840D6}.Debug|Any CPU.Build.0 = Debug|Any CPU
		{4E862496-9AA8-4E99-81A8-B8A9FDD840D6}.Release|Any CPU.ActiveCfg = Release|Any CPU
		{4E862496-9AA8-4E99-81A8-B8A9FDD840D6}.Release|Any CPU.Build.0 = Release|Any CPU
		{789FFE44-00F4-41D5-ADCB-571A6105CF99}.Debug|Any CPU.ActiveCfg = Debug|Any CPU
		{789FFE44-00F4-41D5-ADCB-571A6105CF99}.Debug|Any CPU.Build.0 = Debug|Any CPU
		{789FFE44-00F4-41D5-ADCB-571A6105CF99}.Release|Any CPU.ActiveCfg = Release|Any CPU
		{789FFE44-00F4-41D5-ADCB-571A6105CF99}.Release|Any CPU.Build.0 = Release|Any CPU
	EndGlobalSection
	GlobalSection(SolutionProperties) = preSolution
		HideSolutionNode = FALSE
	EndGlobalSection
	GlobalSection(ExtensibilityGlobals) = postSolution
		SolutionGuid = {F7B8B5B2-45C4-4D21-9A96-076030B58694}
	EndGlobalSection
EndGlobal
